// !$*UTF8*$!
{
	archiveVersion = 1;
	classes = {
	};
	objectVersion = 55;
	objects = {

/* Begin PBXBuildFile section */
		C5811D7627E5215200AEEE90 /* CountriesController.swift in Sources */ = {isa = PBXBuildFile; fileRef = C5811D7527E5215200AEEE90 /* CountriesController.swift */; };
		C592D16627DFB6A500076248 /* AppDelegate.swift in Sources */ = {isa = PBXBuildFile; fileRef = C592D16527DFB6A500076248 /* AppDelegate.swift */; };
		C592D16827DFB6A500076248 /* SceneDelegate.swift in Sources */ = {isa = PBXBuildFile; fileRef = C592D16727DFB6A500076248 /* SceneDelegate.swift */; };
		C592D16A27DFB6A500076248 /* CountriesViewController.swift in Sources */ = {isa = PBXBuildFile; fileRef = C592D16927DFB6A500076248 /* CountriesViewController.swift */; };
		C592D16D27DFB6A500076248 /* Main.storyboard in Resources */ = {isa = PBXBuildFile; fileRef = C592D16B27DFB6A500076248 /* Main.storyboard */; };
		C592D16F27DFB6A600076248 /* Assets.xcassets in Resources */ = {isa = PBXBuildFile; fileRef = C592D16E27DFB6A600076248 /* Assets.xcassets */; };
		C592D17227DFB6A600076248 /* LaunchScreen.storyboard in Resources */ = {isa = PBXBuildFile; fileRef = C592D17027DFB6A600076248 /* LaunchScreen.storyboard */; };
		C592D17D27DFB6A600076248 /* Project2Tests.swift in Sources */ = {isa = PBXBuildFile; fileRef = C592D17C27DFB6A600076248 /* Project2Tests.swift */; };
		C592D18727DFB6A600076248 /* Project2UITests.swift in Sources */ = {isa = PBXBuildFile; fileRef = C592D18627DFB6A600076248 /* Project2UITests.swift */; };
		C592D18927DFB6A600076248 /* Project2UITestsLaunchTests.swift in Sources */ = {isa = PBXBuildFile; fileRef = C592D18827DFB6A600076248 /* Project2UITestsLaunchTests.swift */; };
/* End PBXBuildFile section */

/* Begin PBXContainerItemProxy section */
		C592D17927DFB6A600076248 /* PBXContainerItemProxy */ = {
			isa = PBXContainerItemProxy;
			containerPortal = C592D15A27DFB6A500076248 /* Project object */;
			proxyType = 1;
			remoteGlobalIDString = C592D16127DFB6A500076248;
			remoteInfo = Project2;
		};
		C592D18327DFB6A600076248 /* PBXContainerItemProxy */ = {
			isa = PBXContainerItemProxy;
			containerPortal = C592D15A27DFB6A500076248 /* Project object */;
			proxyType = 1;
			remoteGlobalIDString = C592D16127DFB6A500076248;
			remoteInfo = Project2;
		};
/* End PBXContainerItemProxy section */

/* Begin PBXFileReference section */
		C5811D7527E5215200AEEE90 /* CountriesController.swift */ = {isa = PBXFileReference; lastKnownFileType = sourcecode.swift; path = CountriesController.swift; sourceTree = "<group>"; };
		C592D16227DFB6A500076248 /* Project2.app */ = {isa = PBXFileReference; explicitFileType = wrapper.application; includeInIndex = 0; path = Project2.app; sourceTree = BUILT_PRODUCTS_DIR; };
		C592D16527DFB6A500076248 /* AppDelegate.swift */ = {isa = PBXFileReference; lastKnownFileType = sourcecode.swift; path = AppDelegate.swift; sourceTree = "<group>"; };
		C592D16727DFB6A500076248 /* SceneDelegate.swift */ = {isa = PBXFileReference; lastKnownFileType = sourcecode.swift; path = SceneDelegate.swift; sourceTree = "<group>"; };
		C592D16927DFB6A500076248 /* CountriesViewController.swift */ = {isa = PBXFileReference; lastKnownFileType = sourcecode.swift; path = CountriesViewController.swift; sourceTree = "<group>"; };
		C592D16C27DFB6A500076248 /* Base */ = {isa = PBXFileReference; lastKnownFileType = file.storyboard; name = Base; path = Base.lproj/Main.storyboard; sourceTree = "<group>"; };
		C592D16E27DFB6A600076248 /* Assets.xcassets */ = {isa = PBXFileReference; lastKnownFileType = folder.assetcatalog; path = Assets.xcassets; sourceTree = "<group>"; };
		C592D17127DFB6A600076248 /* Base */ = {isa = PBXFileReference; lastKnownFileType = file.storyboard; name = Base; path = Base.lproj/LaunchScreen.storyboard; sourceTree = "<group>"; };
		C592D17327DFB6A600076248 /* Info.plist */ = {isa = PBXFileReference; lastKnownFileType = text.plist.xml; path = Info.plist; sourceTree = "<group>"; };
		C592D17827DFB6A600076248 /* Project2Tests.xctest */ = {isa = PBXFileReference; explicitFileType = wrapper.cfbundle; includeInIndex = 0; path = Project2Tests.xctest; sourceTree = BUILT_PRODUCTS_DIR; };
		C592D17C27DFB6A600076248 /* Project2Tests.swift */ = {isa = PBXFileReference; lastKnownFileType = sourcecode.swift; path = Project2Tests.swift; sourceTree = "<group>"; };
		C592D18227DFB6A600076248 /* Project2UITests.xctest */ = {isa = PBXFileReference; explicitFileType = wrapper.cfbundle; includeInIndex = 0; path = Project2UITests.xctest; sourceTree = BUILT_PRODUCTS_DIR; };
		C592D18627DFB6A600076248 /* Project2UITests.swift */ = {isa = PBXFileReference; lastKnownFileType = sourcecode.swift; path = Project2UITests.swift; sourceTree = "<group>"; };
		C592D18827DFB6A600076248 /* Project2UITestsLaunchTests.swift */ = {isa = PBXFileReference; lastKnownFileType = sourcecode.swift; path = Project2UITestsLaunchTests.swift; sourceTree = "<group>"; };
/* End PBXFileReference section */

/* Begin PBXFrameworksBuildPhase section */
		C592D15F27DFB6A500076248 /* Frameworks */ = {
			isa = PBXFrameworksBuildPhase;
			buildActionMask = 2147483647;
			files = (
			);
			runOnlyForDeploymentPostprocessing = 0;
		};
		C592D17527DFB6A600076248 /* Frameworks */ = {
			isa = PBXFrameworksBuildPhase;
			buildActionMask = 2147483647;
			files = (
			);
			runOnlyForDeploymentPostprocessing = 0;
		};
		C592D17F27DFB6A600076248 /* Frameworks */ = {
			isa = PBXFrameworksBuildPhase;
			buildActionMask = 2147483647;
			files = (
			);
			runOnlyForDeploymentPostprocessing = 0;
		};
/* End PBXFrameworksBuildPhase section */

/* Begin PBXGroup section */
		C5811D7327E5211000AEEE90 /* AppDelegate */ = {
			isa = PBXGroup;
			children = (
				C592D16527DFB6A500076248 /* AppDelegate.swift */,
				C592D16727DFB6A500076248 /* SceneDelegate.swift */,
			);
			path = AppDelegate;
			sourceTree = "<group>";
		};
		C5811D7427E5211600AEEE90 /* View */ = {
			isa = PBXGroup;
			children = (
				C592D16927DFB6A500076248 /* CountriesViewController.swift */,
			);
			path = View;
			sourceTree = "<group>";
		};
		C592D15927DFB6A500076248 = {
			isa = PBXGroup;
			children = (
				C592D16427DFB6A500076248 /* Project2 */,
				C592D17B27DFB6A600076248 /* Project2Tests */,
				C592D18527DFB6A600076248 /* Project2UITests */,
				C592D16327DFB6A500076248 /* Products */,
			);
			sourceTree = "<group>";
		};
		C592D16327DFB6A500076248 /* Products */ = {
			isa = PBXGroup;
			children = (
				C592D16227DFB6A500076248 /* Project2.app */,
				C592D17827DFB6A600076248 /* Project2Tests.xctest */,
				C592D18227DFB6A600076248 /* Project2UITests.xctest */,
			);
			name = Products;
			sourceTree = "<group>";
		};
		C592D16427DFB6A500076248 /* Project2 */ = {
			isa = PBXGroup;
			children = (
				C5811D7327E5211000AEEE90 /* AppDelegate */,
				C5E9E86827E8BE9200ECBDF3 /* Controller */,
				C5811D7427E5211600AEEE90 /* View */,
				C592D16B27DFB6A500076248 /* Main.storyboard */,
				C592D16E27DFB6A600076248 /* Assets.xcassets */,
				C592D17027DFB6A600076248 /* LaunchScreen.storyboard */,
				C592D17327DFB6A600076248 /* Info.plist */,
			);
			path = Project2;
			sourceTree = "<group>";
		};
		C592D17B27DFB6A600076248 /* Project2Tests */ = {
			isa = PBXGroup;
			children = (
				C592D17C27DFB6A600076248 /* Project2Tests.swift */,
			);
			path = Project2Tests;
			sourceTree = "<group>";
		};
		C592D18527DFB6A600076248 /* Project2UITests */ = {
			isa = PBXGroup;
			children = (
				C592D18627DFB6A600076248 /* Project2UITests.swift */,
				C592D18827DFB6A600076248 /* Project2UITestsLaunchTests.swift */,
			);
			path = Project2UITests;
			sourceTree = "<group>";
		};
		C5E9E86827E8BE9200ECBDF3 /* Controller */ = {
			isa = PBXGroup;
			children = (
				C5811D7527E5215200AEEE90 /* CountriesController.swift */,
			);
			path = Controller;
			sourceTree = "<group>";
		};
/* End PBXGroup section */

/* Begin PBXNativeTarget section */
		C592D16127DFB6A500076248 /* Project2 */ = {
			isa = PBXNativeTarget;
			buildConfigurationList = C592D18C27DFB6A600076248 /* Build configuration list for PBXNativeTarget "Project2" */;
			buildPhases = (
				C592D15E27DFB6A500076248 /* Sources */,
				C592D15F27DFB6A500076248 /* Frameworks */,
				C592D16027DFB6A500076248 /* Resources */,
			);
			buildRules = (
			);
			dependencies = (
			);
			name = Project2;
			productName = Project2;
			productReference = C592D16227DFB6A500076248 /* Project2.app */;
			productType = "com.apple.product-type.application";
		};
		C592D17727DFB6A600076248 /* Project2Tests */ = {
			isa = PBXNativeTarget;
			buildConfigurationList = C592D18F27DFB6A600076248 /* Build configuration list for PBXNativeTarget "Project2Tests" */;
			buildPhases = (
				C592D17427DFB6A600076248 /* Sources */,
				C592D17527DFB6A600076248 /* Frameworks */,
				C592D17627DFB6A600076248 /* Resources */,
			);
			buildRules = (
			);
			dependencies = (
				C592D17A27DFB6A600076248 /* PBXTargetDependency */,
			);
			name = Project2Tests;
			productName = Project2Tests;
			productReference = C592D17827DFB6A600076248 /* Project2Tests.xctest */;
			productType = "com.apple.product-type.bundle.unit-test";
		};
		C592D18127DFB6A600076248 /* Project2UITests */ = {
			isa = PBXNativeTarget;
			buildConfigurationList = C592D19227DFB6A600076248 /* Build configuration list for PBXNativeTarget "Project2UITests" */;
			buildPhases = (
				C592D17E27DFB6A600076248 /* Sources */,
				C592D17F27DFB6A600076248 /* Frameworks */,
				C592D18027DFB6A600076248 /* Resources */,
			);
			buildRules = (
			);
			dependencies = (
				C592D18427DFB6A600076248 /* PBXTargetDependency */,
			);
			name = Project2UITests;
			productName = Project2UITests;
			productReference = C592D18227DFB6A600076248 /* Project2UITests.xctest */;
			productType = "com.apple.product-type.bundle.ui-testing";
		};
/* End PBXNativeTarget section */

/* Begin PBXProject section */
		C592D15A27DFB6A500076248 /* Project object */ = {
			isa = PBXProject;
			attributes = {
				BuildIndependentTargetsInParallel = 1;
				LastSwiftUpdateCheck = 1320;
				LastUpgradeCheck = 1320;
				TargetAttributes = {
					C592D16127DFB6A500076248 = {
						CreatedOnToolsVersion = 13.2.1;
					};
					C592D17727DFB6A600076248 = {
						CreatedOnToolsVersion = 13.2.1;
						TestTargetID = C592D16127DFB6A500076248;
					};
					C592D18127DFB6A600076248 = {
						CreatedOnToolsVersion = 13.2.1;
						TestTargetID = C592D16127DFB6A500076248;
					};
				};
			};
			buildConfigurationList = C592D15D27DFB6A500076248 /* Build configuration list for PBXProject "Project2" */;
			compatibilityVersion = "Xcode 13.0";
			developmentRegion = en;
			hasScannedForEncodings = 0;
			knownRegions = (
				en,
				Base,
			);
			mainGroup = C592D15927DFB6A500076248;
			productRefGroup = C592D16327DFB6A500076248 /* Products */;
			projectDirPath = "";
			projectRoot = "";
			targets = (
				C592D16127DFB6A500076248 /* Project2 */,
				C592D17727DFB6A600076248 /* Project2Tests */,
				C592D18127DFB6A600076248 /* Project2UITests */,
			);
		};
/* End PBXProject section */

/* Begin PBXResourcesBuildPhase section */
		C592D16027DFB6A500076248 /* Resources */ = {
			isa = PBXResourcesBuildPhase;
			buildActionMask = 2147483647;
			files = (
				C592D17227DFB6A600076248 /* LaunchScreen.storyboard in Resources */,
				C592D16F27DFB6A600076248 /* Assets.xcassets in Resources */,
				C592D16D27DFB6A500076248 /* Main.storyboard in Resources */,
			);
			runOnlyForDeploymentPostprocessing = 0;
		};
		C592D17627DFB6A600076248 /* Resources */ = {
			isa = PBXResourcesBuildPhase;
			buildActionMask = 2147483647;
			files = (
			);
			runOnlyForDeploymentPostprocessing = 0;
		};
		C592D18027DFB6A600076248 /* Resources */ = {
			isa = PBXResourcesBuildPhase;
			buildActionMask = 2147483647;
			files = (
			);
			runOnlyForDeploymentPostprocessing = 0;
		};
/* End PBXResourcesBuildPhase section */

/* Begin PBXSourcesBuildPhase section */
		C592D15E27DFB6A500076248 /* Sources */ = {
			isa = PBXSourcesBuildPhase;
			buildActionMask = 2147483647;
			files = (
				C5811D7627E5215200AEEE90 /* CountriesController.swift in Sources */,
				C592D16A27DFB6A500076248 /* CountriesViewController.swift in Sources */,
				C592D16627DFB6A500076248 /* AppDelegate.swift in Sources */,
				C592D16827DFB6A500076248 /* SceneDelegate.swift in Sources */,
			);
			runOnlyForDeploymentPostprocessing = 0;
		};
		C592D17427DFB6A600076248 /* Sources */ = {
			isa = PBXSourcesBuildPhase;
			buildActionMask = 2147483647;
			files = (
				C592D17D27DFB6A600076248 /* Project2Tests.swift in Sources */,
			);
			runOnlyForDeploymentPostprocessing = 0;
		};
		C592D17E27DFB6A600076248 /* Sources */ = {
			isa = PBXSourcesBuildPhase;
			buildActionMask = 2147483647;
			files = (
				C592D18927DFB6A600076248 /* Project2UITestsLaunchTests.swift in Sources */,
				C592D18727DFB6A600076248 /* Project2UITests.swift in Sources */,
			);
			runOnlyForDeploymentPostprocessing = 0;
		};
/* End PBXSourcesBuildPhase section */

/* Begin PBXTargetDependency section */
		C592D17A27DFB6A600076248 /* PBXTargetDependency */ = {
			isa = PBXTargetDependency;
			target = C592D16127DFB6A500076248 /* Project2 */;
			targetProxy = C592D17927DFB6A600076248 /* PBXContainerItemProxy */;
		};
		C592D18427DFB6A600076248 /* PBXTargetDependency */ = {
			isa = PBXTargetDependency;
			target = C592D16127DFB6A500076248 /* Project2 */;
			targetProxy = C592D18327DFB6A600076248 /* PBXContainerItemProxy */;
		};
/* End PBXTargetDependency section */

/* Begin PBXVariantGroup section */
		C592D16B27DFB6A500076248 /* Main.storyboard */ = {
			isa = PBXVariantGroup;
			children = (
				C592D16C27DFB6A500076248 /* Base */,
			);
			name = Main.storyboard;
			sourceTree = "<group>";
		};
		C592D17027DFB6A600076248 /* LaunchScreen.storyboard */ = {
			isa = PBXVariantGroup;
			children = (
				C592D17127DFB6A600076248 /* Base */,
			);
			name = LaunchScreen.storyboard;
			sourceTree = "<group>";
		};
/* End PBXVariantGroup section */

/* Begin XCBuildConfiguration section */
		C592D18A27DFB6A600076248 /* Debug */ = {
			isa = XCBuildConfiguration;
			buildSettings = {
				ALWAYS_SEARCH_USER_PATHS = NO;
				CLANG_ANALYZER_NONNULL = YES;
				CLANG_ANALYZER_NUMBER_OBJECT_CONVERSION = YES_AGGRESSIVE;
				CLANG_CXX_LANGUAGE_STANDARD = "gnu++17";
				CLANG_CXX_LIBRARY = "libc++";
				CLANG_ENABLE_MODULES = YES;
				CLANG_ENABLE_OBJC_ARC = YES;
				CLANG_ENABLE_OBJC_WEAK = YES;
				CLANG_WARN_BLOCK_CAPTURE_AUTORELEASING = YES;
				CLANG_WARN_BOOL_CONVERSION = YES;
				CLANG_WARN_COMMA = YES;
				CLANG_WARN_CONSTANT_CONVERSION = YES;
				CLANG_WARN_DEPRECATED_OBJC_IMPLEMENTATIONS = YES;
				CLANG_WARN_DIRECT_OBJC_ISA_USAGE = YES_ERROR;
				CLANG_WARN_DOCUMENTATION_COMMENTS = YES;
				CLANG_WARN_EMPTY_BODY = YES;
				CLANG_WARN_ENUM_CONVERSION = YES;
				CLANG_WARN_INFINITE_RECURSION = YES;
				CLANG_WARN_INT_CONVERSION = YES;
				CLANG_WARN_NON_LITERAL_NULL_CONVERSION = YES;
				CLANG_WARN_OBJC_IMPLICIT_RETAIN_SELF = YES;
				CLANG_WARN_OBJC_LITERAL_CONVERSION = YES;
				CLANG_WARN_OBJC_ROOT_CLASS = YES_ERROR;
				CLANG_WARN_QUOTED_INCLUDE_IN_FRAMEWORK_HEADER = YES;
				CLANG_WARN_RANGE_LOOP_ANALYSIS = YES;
				CLANG_WARN_STRICT_PROTOTYPES = YES;
				CLANG_WARN_SUSPICIOUS_MOVE = YES;
				CLANG_WARN_UNGUARDED_AVAILABILITY = YES_AGGRESSIVE;
				CLANG_WARN_UNREACHABLE_CODE = YES;
				CLANG_WARN__DUPLICATE_METHOD_MATCH = YES;
				COPY_PHASE_STRIP = NO;
				DEBUG_INFORMATION_FORMAT = dwarf;
				ENABLE_STRICT_OBJC_MSGSEND = YES;
				ENABLE_TESTABILITY = YES;
				GCC_C_LANGUAGE_STANDARD = gnu11;
				GCC_DYNAMIC_NO_PIC = NO;
				GCC_NO_COMMON_BLOCKS = YES;
				GCC_OPTIMIZATION_LEVEL = 0;
				GCC_PREPROCESSOR_DEFINITIONS = (
					"DEBUG=1",
					"$(inherited)",
				);
				GCC_WARN_64_TO_32_BIT_CONVERSION = YES;
				GCC_WARN_ABOUT_RETURN_TYPE = YES_ERROR;
				GCC_WARN_UNDECLARED_SELECTOR = YES;
				GCC_WARN_UNINITIALIZED_AUTOS = YES_AGGRESSIVE;
				GCC_WARN_UNUSED_FUNCTION = YES;
				GCC_WARN_UNUSED_VARIABLE = YES;
				IPHONEOS_DEPLOYMENT_TARGET = 15.2;
				MTL_ENABLE_DEBUG_INFO = INCLUDE_SOURCE;
				MTL_FAST_MATH = YES;
				ONLY_ACTIVE_ARCH = YES;
				SDKROOT = iphoneos;
				SWIFT_ACTIVE_COMPILATION_CONDITIONS = DEBUG;
				SWIFT_OPTIMIZATION_LEVEL = "-Onone";
			};
			name = Debug;
		};
		C592D18B27DFB6A600076248 /* Release */ = {
			isa = XCBuildConfiguration;
			buildSettings = {
				ALWAYS_SEARCH_USER_PATHS = NO;
				CLANG_ANALYZER_NONNULL = YES;
				CLANG_ANALYZER_NUMBER_OBJECT_CONVERSION = YES_AGGRESSIVE;
				CLANG_CXX_LANGUAGE_STANDARD = "gnu++17";
				CLANG_CXX_LIBRARY = "libc++";
				CLANG_ENABLE_MODULES = YES;
				CLANG_ENABLE_OBJC_ARC = YES;
				CLANG_ENABLE_OBJC_WEAK = YES;
				CLANG_WARN_BLOCK_CAPTURE_AUTORELEASING = YES;
				CLANG_WARN_BOOL_CONVERSION = YES;
				CLANG_WARN_COMMA = YES;
				CLANG_WARN_CONSTANT_CONVERSION = YES;
				CLANG_WARN_DEPRECATED_OBJC_IMPLEMENTATIONS = YES;
				CLANG_WARN_DIRECT_OBJC_ISA_USAGE = YES_ERROR;
				CLANG_WARN_DOCUMENTATION_COMMENTS = YES;
				CLANG_WARN_EMPTY_BODY = YES;
				CLANG_WARN_ENUM_CONVERSION = YES;
				CLANG_WARN_INFINITE_RECURSION = YES;
				CLANG_WARN_INT_CONVERSION = YES;
				CLANG_WARN_NON_LITERAL_NULL_CONVERSION = YES;
				CLANG_WARN_OBJC_IMPLICIT_RETAIN_SELF = YES;
				CLANG_WARN_OBJC_LITERAL_CONVERSION = YES;
				CLANG_WARN_OBJC_ROOT_CLASS = YES_ERROR;
				CLANG_WARN_QUOTED_INCLUDE_IN_FRAMEWORK_HEADER = YES;
				CLANG_WARN_RANGE_LOOP_ANALYSIS = YES;
				CLANG_WARN_STRICT_PROTOTYPES = YES;
				CLANG_WARN_SUSPICIOUS_MOVE = YES;
				CLANG_WARN_UNGUARDED_AVAILABILITY = YES_AGGRESSIVE;
				CLANG_WARN_UNREACHABLE_CODE = YES;
				CLANG_WARN__DUPLICATE_METHOD_MATCH = YES;
				COPY_PHASE_STRIP = NO;
				DEBUG_INFORMATION_FORMAT = "dwarf-with-dsym";
				ENABLE_NS_ASSERTIONS = NO;
				ENABLE_STRICT_OBJC_MSGSEND = YES;
				GCC_C_LANGUAGE_STANDARD = gnu11;
				GCC_NO_COMMON_BLOCKS = YES;
				GCC_WARN_64_TO_32_BIT_CONVERSION = YES;
				GCC_WARN_ABOUT_RETURN_TYPE = YES_ERROR;
				GCC_WARN_UNDECLARED_SELECTOR = YES;
				GCC_WARN_UNINITIALIZED_AUTOS = YES_AGGRESSIVE;
				GCC_WARN_UNUSED_FUNCTION = YES;
				GCC_WARN_UNUSED_VARIABLE = YES;
				IPHONEOS_DEPLOYMENT_TARGET = 15.2;
				MTL_ENABLE_DEBUG_INFO = NO;
				MTL_FAST_MATH = YES;
				SDKROOT = iphoneos;
				SWIFT_COMPILATION_MODE = wholemodule;
				SWIFT_OPTIMIZATION_LEVEL = "-O";
				VALIDATE_PRODUCT = YES;
			};
			name = Release;
		};
		C592D18D27DFB6A600076248 /* Debug */ = {
			isa = XCBuildConfiguration;
			buildSettings = {
				ASSETCATALOG_COMPILER_APPICON_NAME = AppIcon;
				ASSETCATALOG_COMPILER_GLOBAL_ACCENT_COLOR_NAME = AccentColor;
				CODE_SIGN_STYLE = Automatic;
				CURRENT_PROJECT_VERSION = 1;
				DEVELOPMENT_TEAM = WKN62NB674;
				GENERATE_INFOPLIST_FILE = YES;
				INFOPLIST_FILE = Project2/Info.plist;
				INFOPLIST_KEY_UIApplicationSupportsIndirectInputEvents = YES;
				INFOPLIST_KEY_UILaunchStoryboardName = LaunchScreen;
				INFOPLIST_KEY_UIMainStoryboardFile = Main;
				INFOPLIST_KEY_UISupportedInterfaceOrientations_iPad = "UIInterfaceOrientationPortrait UIInterfaceOrientationPortraitUpsideDown UIInterfaceOrientationLandscapeLeft UIInterfaceOrientationLandscapeRight";
				INFOPLIST_KEY_UISupportedInterfaceOrientations_iPhone = "UIInterfaceOrientationPortrait UIInterfaceOrientationLandscapeLeft UIInterfaceOrientationLandscapeRight";
				LD_RUNPATH_SEARCH_PATHS = (
					"$(inherited)",
					"@executable_path/Frameworks",
				);
				MARKETING_VERSION = 1.0;
				PRODUCT_BUNDLE_IDENTIFIER = pesssoal.Project2;
				PRODUCT_NAME = "$(TARGET_NAME)";
				SWIFT_EMIT_LOC_STRINGS = YES;
				SWIFT_VERSION = 5.0;
				TARGETED_DEVICE_FAMILY = "1,2";
			};
			name = Debug;
		};
		C592D18E27DFB6A600076248 /* Release */ = {
			isa = XCBuildConfiguration;
			buildSettings = {
				ASSETCATALOG_COMPILER_APPICON_NAME = AppIcon;
				ASSETCATALOG_COMPILER_GLOBAL_ACCENT_COLOR_NAME = AccentColor;
				CODE_SIGN_STYLE = Automatic;
				CURRENT_PROJECT_VERSION = 1;
				DEVELOPMENT_TEAM = WKN62NB674;
				GENERATE_INFOPLIST_FILE = YES;
				INFOPLIST_FILE = Project2/Info.plist;
				INFOPLIST_KEY_UIApplicationSupportsIndirectInputEvents = YES;
				INFOPLIST_KEY_UILaunchStoryboardName = LaunchScreen;
				INFOPLIST_KEY_UIMainStoryboardFile = Main;
				INFOPLIST_KEY_UISupportedInterfaceOrientations_iPad = "UIInterfaceOrientationPortrait UIInterfaceOrientationPortraitUpsideDown UIInterfaceOrientationLandscapeLeft UIInterfaceOrientationLandscapeRight";
				INFOPLIST_KEY_UISupportedInterfaceOrientations_iPhone = "UIInterfaceOrientationPortrait UIInterfaceOrientationLandscapeLeft UIInterfaceOrientationLandscapeRight";
				LD_RUNPATH_SEARCH_PATHS = (
					"$(inherited)",
					"@executable_path/Frameworks",
				);
				MARKETING_VERSION = 1.0;
				PRODUCT_BUNDLE_IDENTIFIER = pesssoal.Project2;
				PRODUCT_NAME = "$(TARGET_NAME)";
				SWIFT_EMIT_LOC_STRINGS = YES;
				SWIFT_VERSION = 5.0;
				TARGETED_DEVICE_FAMILY = "1,2";
			};
			name = Release;
		};
		C592D19027DFB6A600076248 /* Debug */ = {
			isa = XCBuildConfiguration;
			buildSettings = {
				ALWAYS_EMBED_SWIFT_STANDARD_LIBRARIES = YES;
				BUNDLE_LOADER = "$(TEST_HOST)";
				CODE_SIGN_STYLE = Automatic;
				CURRENT_PROJECT_VERSION = 1;
				DEVELOPMENT_TEAM = WKN62NB674;
				GENERATE_INFOPLIST_FILE = YES;
				IPHONEOS_DEPLOYMENT_TARGET = 15.2;
				MARKETING_VERSION = 1.0;
				PRODUCT_BUNDLE_IDENTIFIER = pesssoal.Project2Tests;
				PRODUCT_NAME = "$(TARGET_NAME)";
				SWIFT_EMIT_LOC_STRINGS = NO;
				SWIFT_VERSION = 5.0;
				TARGETED_DEVICE_FAMILY = "1,2";
				TEST_HOST = "$(BUILT_PRODUCTS_DIR)/Project2.app/Project2";
			};
			name = Debug;
		};
		C592D19127DFB6A600076248 /* Release */ = {
			isa = XCBuildConfiguration;
			buildSettings = {
				ALWAYS_EMBED_SWIFT_STANDARD_LIBRARIES = YES;
				BUNDLE_LOADER = "$(TEST_HOST)";
				CODE_SIGN_STYLE = Automatic;
				CURRENT_PROJECT_VERSION = 1;
				DEVELOPMENT_TEAM = WKN62NB674;
				GENERATE_INFOPLIST_FILE = YES;
				IPHONEOS_DEPLOYMENT_TARGET = 15.2;
				MARKETING_VERSION = 1.0;
				PRODUCT_BUNDLE_IDENTIFIER = pesssoal.Project2Tests;
				PRODUCT_NAME = "$(TARGET_NAME)";
				SWIFT_EMIT_LOC_STRINGS = NO;
				SWIFT_VERSION = 5.0;
				TARGETED_DEVICE_FAMILY = "1,2";
				TEST_HOST = "$(BUILT_PRODUCTS_DIR)/Project2.app/Project2";
			};
			name = Release;
		};
		C592D19327DFB6A600076248 /* Debug */ = {
			isa = XCBuildConfiguration;
			buildSettings = {
				ALWAYS_EMBED_SWIFT_STANDARD_LIBRARIES = YES;
				CODE_SIGN_STYLE = Automatic;
				CURRENT_PROJECT_VERSION = 1;
				DEVELOPMENT_TEAM = WKN62NB674;
				GENERATE_INFOPLIST_FILE = YES;
				MARKETING_VERSION = 1.0;
				PRODUCT_BUNDLE_IDENTIFIER = pesssoal.Project2UITests;
				PRODUCT_NAME = "$(TARGET_NAME)";
				SWIFT_EMIT_LOC_STRINGS = NO;
				SWIFT_VERSION = 5.0;
				TARGETED_DEVICE_FAMILY = "1,2";
				TEST_TARGET_NAME = Project2;
			};
			name = Debug;
		};
		C592D19427DFB6A600076248 /* Release */ = {
			isa = XCBuildConfiguration;
			buildSettings = {
				ALWAYS_EMBED_SWIFT_STANDARD_LIBRARIES = YES;
				CODE_SIGN_STYLE = Automatic;
				CURRENT_PROJECT_VERSION = 1;
				DEVELOPMENT_TEAM = WKN62NB674;
				GENERATE_INFOPLIST_FILE = YES;
				MARKETING_VERSION = 1.0;
				PRODUCT_BUNDLE_IDENTIFIER = pesssoal.Project2UITests;
				PRODUCT_NAME = "$(TARGET_NAME)";
				SWIFT_EMIT_LOC_STRINGS = NO;
				SWIFT_VERSION = 5.0;
				TARGETED_DEVICE_FAMILY = "1,2";
				TEST_TARGET_NAME = Project2;
			};
			name = Release;
		};
/* End XCBuildConfiguration section */

/* Begin XCConfigurationList section */
		C592D15D27DFB6A500076248 /* Build configuration list for PBXProject "Project2" */ = {
			isa = XCConfigurationList;
			buildConfigurations = (
				C592D18A27DFB6A600076248 /* Debug */,
				C592D18B27DFB6A600076248 /* Release */,
			);
			defaultConfigurationIsVisible = 0;
			defaultConfigurationName = Release;
		};
		C592D18C27DFB6A600076248 /* Build configuration list for PBXNativeTarget "Project2" */ = {
			isa = XCConfigurationList;
			buildConfigurations = (
				C592D18D27DFB6A600076248 /* Debug */,
				C592D18E27DFB6A600076248 /* Release */,
			);
			defaultConfigurationIsVisible = 0;
			defaultConfigurationName = Release;
		};
		C592D18F27DFB6A600076248 /* Build configuration list for PBXNativeTarget "Project2Tests" */ = {
			isa = XCConfigurationList;
			buildConfigurations = (
				C592D19027DFB6A600076248 /* Debug */,
				C592D19127DFB6A600076248 /* Release */,
			);
			defaultConfigurationIsVisible = 0;
			defaultConfigurationName = Release;
		};
		C592D19227DFB6A600076248 /* Build configuration list for PBXNativeTarget "Project2UITests" */ = {
			isa = XCConfigurationList;
			buildConfigurations = (
				C592D19327DFB6A600076248 /* Debug */,
				C592D19427DFB6A600076248 /* Release */,
			);
			defaultConfigurationIsVisible = 0;
			defaultConfigurationName = Release;
		};
/* End XCConfigurationList section */
	};
	rootObject = C592D15A27DFB6A500076248 /* Project object */;
}
